{
    "_readme": [
        "This file locks the dependencies of your project to a known state",
        "Read more about it at https://getcomposer.org/doc/01-basic-usage.md#installing-dependencies",
        "This file is @generated automatically"
    ],
    "content-hash": "be1b1f2e1b9e6a7545cec88a9384c7cf",
    "packages": [
        {
            "name": "doctrine/collections",
            "version": "1.6.8",
            "source": {
                "type": "git",
                "url": "https://github.com/doctrine/collections.git",
                "reference": "1958a744696c6bb3bb0d28db2611dc11610e78af"
            },
            "dist": {
                "type": "zip",
                "url": "https://api.github.com/repos/doctrine/collections/zipball/1958a744696c6bb3bb0d28db2611dc11610e78af",
                "reference": "1958a744696c6bb3bb0d28db2611dc11610e78af",
                "shasum": ""
            },
            "require": {
                "php": "^7.1.3 || ^8.0"
            },
            "require-dev": {
                "doctrine/coding-standard": "^9.0",
                "phpstan/phpstan": "^0.12",
                "phpunit/phpunit": "^7.5 || ^8.5 || ^9.1.5",
                "vimeo/psalm": "^4.2.1"
            },
            "type": "library",
            "autoload": {
                "psr-4": {
                    "Doctrine\\Common\\Collections\\": "lib/Doctrine/Common/Collections"
                }
            },
            "notification-url": "https://packagist.org/downloads/",
            "license": [
                "MIT"
            ],
            "authors": [
                {
                    "name": "Guilherme Blanco",
                    "email": "guilhermeblanco@gmail.com"
                },
                {
                    "name": "Roman Borschel",
                    "email": "roman@code-factory.org"
                },
                {
                    "name": "Benjamin Eberlei",
                    "email": "kontakt@beberlei.de"
                },
                {
                    "name": "Jonathan Wage",
                    "email": "jonwage@gmail.com"
                },
                {
                    "name": "Johannes Schmitt",
                    "email": "schmittjoh@gmail.com"
                }
            ],
            "description": "PHP Doctrine Collections library that adds additional functionality on top of PHP arrays.",
            "homepage": "https://www.doctrine-project.org/projects/collections.html",
            "keywords": [
                "array",
                "collections",
                "iterators",
                "php"
            ],
            "time": "2021-08-10T18:51:53+00:00"
        },
        {
            "name": "fortawesome/font-awesome",
            "version": "5.15.4",
            "source": {
                "type": "git",
                "url": "https://github.com/FortAwesome/Font-Awesome.git",
                "reference": "7d3d774145ac38663f6d1effc6def0334b68ab7e"
            },
            "dist": {
                "type": "zip",
                "url": "https://api.github.com/repos/FortAwesome/Font-Awesome/zipball/7d3d774145ac38663f6d1effc6def0334b68ab7e",
                "reference": "7d3d774145ac38663f6d1effc6def0334b68ab7e",
                "shasum": ""
            },
            "type": "library",
            "notification-url": "https://packagist.org/downloads/",
            "license": [
                "CC-BY-4.0",
                "OFL-1.1",
                "MIT"
            ],
            "authors": [
                {
                    "name": "Travis Chase",
                    "homepage": "http://twitter.com/supercodepoet"
                },
                {
                    "name": "Dave Gandy",
                    "homepage": "http://twitter.com/davegandy"
                },
                {
                    "name": "Rob Madole",
                    "homepage": "http://twitter.com/robmadole"
                },
                {
                    "name": "Jory Raphael",
                    "homepage": "http://twitter.com/sensibleworld"
                },
                {
                    "name": "Geremia Taglialatela",
                    "homepage": "http://twitter.com/gtagliala"
                },
                {
                    "name": "Brian Talbot",
                    "homepage": "http://twitter.com/talbs"
                },
                {
                    "name": "Mike Wilkerson",
                    "homepage": "http://twitter.com/mw77"
                }
            ],
            "description": "The iconic font, CSS, and SVG framework",
            "homepage": "https://fontawesome.com",
            "keywords": [
                "FontAwesome",
                "awesome",
                "bootstrap",
                "font",
                "icon",
                "svg"
            ],
            "time": "2021-08-04T19:09:22+00:00"
        },
        {
            "name": "johngrogg/ics-parser",
            "version": "v3.0.0",
            "source": {
                "type": "git",
                "url": "https://github.com/u01jmg3/ics-parser.git",
                "reference": "c74f5881198760386f243d6b1e090e54952ac825"
            },
            "dist": {
                "type": "zip",
                "url": "https://api.github.com/repos/u01jmg3/ics-parser/zipball/c74f5881198760386f243d6b1e090e54952ac825",
                "reference": "c74f5881198760386f243d6b1e090e54952ac825",
                "shasum": ""
            },
            "require": {
                "ext-mbstring": "*",
                "php": ">=5.3.9"
            },
            "require-dev": {
                "phpunit/phpunit": "^5",
                "squizlabs/php_codesniffer": "~3.6.0"
            },
            "type": "library",
            "autoload": {
                "psr-0": {
                    "ICal": "src/"
                }
            },
            "notification-url": "https://packagist.org/downloads/",
            "license": [
                "MIT"
            ],
            "authors": [
                {
                    "name": "Jonathan Goode",
                    "role": "Developer/Owner"
                },
                {
                    "name": "John Grogg",
                    "email": "john.grogg@gmail.com",
                    "role": "Developer/Prior Owner"
                }
            ],
            "description": "ICS Parser",
            "homepage": "https://github.com/u01jmg3/ics-parser",
            "keywords": [
                "iCalendar",
                "ical",
                "ical-parser",
                "ics",
                "ics-parser",
                "ifb"
            ],
            "funding": [
                {
                    "url": "https://github.com/sponsors/u01jmg3",
                    "type": "github"
                }
            ],
            "time": "2021-06-17T14:20:46+00:00"
        },
        {
            "name": "simshaun/recurr",
            "version": "v5.0.0",
            "source": {
                "type": "git",
                "url": "https://github.com/simshaun/recurr.git",
                "reference": "b5aa5b07a595023b67a558b810390dfa7160e3f5"
            },
            "dist": {
                "type": "zip",
                "url": "https://api.github.com/repos/simshaun/recurr/zipball/b5aa5b07a595023b67a558b810390dfa7160e3f5",
                "reference": "b5aa5b07a595023b67a558b810390dfa7160e3f5",
                "shasum": ""
            },
            "require": {
                "doctrine/collections": "~1.6",
                "php": "^7.2||^8.0"
            },
            "require-dev": {
                "phpunit/phpunit": "^8.5.16",
                "symfony/yaml": "^5.3"
            },
            "type": "library",
            "extra": {
                "branch-alias": {
                    "dev-master": "0.x-dev"
                }
            },
            "autoload": {
                "psr-4": {
                    "Recurr\\": "src/Recurr/"
                }
            },
            "notification-url": "https://packagist.org/downloads/",
            "license": [
                "MIT"
            ],
            "authors": [
                {
                    "name": "Shaun Simmons",
                    "email": "shaun@shaun.pub",
                    "homepage": "https://shaun.pub"
                }
            ],
            "description": "PHP library for working with recurrence rules",
            "homepage": "https://github.com/simshaun/recurr",
            "keywords": [
                "dates",
                "events",
                "recurrence",
                "recurring",
                "rrule"
            ],
            "time": "2021-09-09T03:42:57+00:00"
        },
        {
            "name": "thecsea/simple-caldav-client",
            "version": "v0.1.14",
            "source": {
                "type": "git",
                "url": "https://github.com/thecsea/simpleCalDAV.git",
                "reference": "542eda99c5a18c04b3701ebda9ce8d3eb0db7728"
            },
            "dist": {
                "type": "zip",
                "url": "https://api.github.com/repos/thecsea/simpleCalDAV/zipball/542eda99c5a18c04b3701ebda9ce8d3eb0db7728",
                "reference": "542eda99c5a18c04b3701ebda9ce8d3eb0db7728",
                "shasum": ""
            },
            "require": {
                "ext-curl": "*",
                "ext-xml": "*",
                "php": ">=5.3.0"
            },
            "type": "library",
            "autoload": {
                "psr-4": {
                    "it\\thecsea\\simple_caldav_client\\": "src/"
                }
            },
            "notification-url": "https://packagist.org/downloads/",
            "license": [
                "GPL-2.0"
            ],
            "authors": [
                {
                    "name": "claudio cardinale",
                    "email": "cardi@thecsea.it",
                    "homepage": "http://thecsea.it"
                }
            ],
            "description": "A simple and complete php caldav client",
            "homepage": "http://www.thecsea.it",
            "keywords": [
                "CalDAV",
                "Simple",
                "client"
            ],
            "time": "2020-09-28T11:55:52+00:00"
        }
    ],
    "packages-dev": [],
    "aliases": [],
    "minimum-stability": "stable",
    "stability-flags": [],
    "prefer-stable": false,
    "prefer-lowest": false,
    "platform": {
        "ext-curl": "*",
        "ext-json": "*"
    },
    "platform-dev": [],
    "plugin-api-version": "1.1.0"
}
